{
  "name": "ticketsysplus",
  "version": "1.0.0",
  "lockfileVersion": 2,
  "requires": true,
  "packages": {
    "": {
      "name": "ticketsysplus",
      "version": "1.0.0",
      "hasInstallScript": true,
      "license": "ISC",
      "dependencies": {
        "@codemirror/lang-json": "^0.20.0",
        "@uiw/react-codemirror": "^4.7.0"
      }
    },
    "node_modules/@babel/runtime": {
      "version": "7.18.3",
      "resolved": "https://registry.npmjs.org/@babel/runtime/-/runtime-7.18.3.tgz",
      "integrity": "sha512-38Y8f7YUhce/K7RMwTp7m0uCumpv9hZkitCbBClqQIow1qSbCvGkcegKOXpEWCQLfWmevgRiWokZ1GkpfhbZug==",
      "dependencies": {
        "regenerator-runtime": "^0.13.4"
      },
      "engines": {
        "node": ">=6.9.0"
      }
    },
    "node_modules/@codemirror/autocomplete": {
      "version": "0.20.3",
      "resolved": "https://registry.npmjs.org/@codemirror/autocomplete/-/autocomplete-0.20.3.tgz",
      "integrity": "sha512-lYB+NPGP+LEzAudkWhLfMxhTrxtLILGl938w+RcFrGdrIc54A+UgmCoz+McE3IYRFp4xyQcL4uFJwo+93YdgHw==",
      "dependencies": {
        "@codemirror/language": "^0.20.0",
        "@codemirror/state": "^0.20.0",
        "@codemirror/view": "^0.20.0",
        "@lezer/common": "^0.16.0"
      }
    },
    "node_modules/@codemirror/basic-setup": {
      "version": "0.20.0",
      "resolved": "https://registry.npmjs.org/@codemirror/basic-setup/-/basic-setup-0.20.0.tgz",
      "integrity": "sha512-W/ERKMLErWkrVLyP5I8Yh8PXl4r+WFNkdYVSzkXYPQv2RMPSkWpr2BgggiSJ8AHF/q3GuApncDD8I4BZz65fyg==",
      "dependencies": {
        "@codemirror/autocomplete": "^0.20.0",
        "@codemirror/commands": "^0.20.0",
        "@codemirror/language": "^0.20.0",
        "@codemirror/lint": "^0.20.0",
        "@codemirror/search": "^0.20.0",
        "@codemirror/state": "^0.20.0",
        "@codemirror/view": "^0.20.0"
      }
    },
    "node_modules/@codemirror/commands": {
      "version": "0.20.0",
      "resolved": "https://registry.npmjs.org/@codemirror/commands/-/commands-0.20.0.tgz",
      "integrity": "sha512-v9L5NNVA+A9R6zaFvaTbxs30kc69F6BkOoiEbeFw4m4I0exmDEKBILN6mK+GksJtvTzGBxvhAPlVFTdQW8GB7Q==",
      "dependencies": {
        "@codemirror/language": "^0.20.0",
        "@codemirror/state": "^0.20.0",
        "@codemirror/view": "^0.20.0",
        "@lezer/common": "^0.16.0"
      }
    },
    "node_modules/@codemirror/lang-json": {
      "version": "0.20.0",
      "resolved": "https://registry.npmjs.org/@codemirror/lang-json/-/lang-json-0.20.0.tgz",
      "integrity": "sha512-Dj9iW3larS3HDdzd8+GXP5+7EUG7SeQexy0mh7l3N/n7vicIY+9AxRPZ1H6nsVI97uZpYIm8OZWG/eUzCdksdA==",
      "dependencies": {
        "@codemirror/language": "^0.20.0",
        "@lezer/json": "^0.16.0"
      }
    },
    "node_modules/@codemirror/language": {
      "version": "0.20.2",
      "resolved": "https://registry.npmjs.org/@codemirror/language/-/language-0.20.2.tgz",
      "integrity": "sha512-WB3Bnuusw0xhVvhBocieYKwJm04SOk5bPoOEYksVHKHcGHFOaYaw+eZVxR4gIqMMcGzOIUil0FsCmFk8yrhHpw==",
      "dependencies": {
        "@codemirror/state": "^0.20.0",
        "@codemirror/view": "^0.20.0",
        "@lezer/common": "^0.16.0",
        "@lezer/highlight": "^0.16.0",
        "@lezer/lr": "^0.16.0",
        "style-mod": "^4.0.0"
      }
    },
    "node_modules/@codemirror/lint": {
      "version": "0.20.3",
      "resolved": "https://registry.npmjs.org/@codemirror/lint/-/lint-0.20.3.tgz",
      "integrity": "sha512-06xUScbbspZ8mKoODQCEx6hz1bjaq9m8W8DxdycWARMiiX1wMtfCh/MoHpaL7ws/KUMwlsFFfp2qhm32oaCvVA==",
      "dependencies": {
        "@codemirror/state": "^0.20.0",
        "@codemirror/view": "^0.20.2",
        "crelt": "^1.0.5"
      }
    },
    "node_modules/@codemirror/search": {
      "version": "0.20.1",
      "resolved": "https://registry.npmjs.org/@codemirror/search/-/search-0.20.1.tgz",
      "integrity": "sha512-ROe6gRboQU5E4z6GAkNa2kxhXqsGNbeLEisbvzbOeB7nuDYXUZ70vGIgmqPu0tB+1M3F9yWk6W8k2vrFpJaD4Q==",
      "dependencies": {
        "@codemirror/state": "^0.20.0",
        "@codemirror/view": "^0.20.0",
        "crelt": "^1.0.5"
      }
    },
    "node_modules/@codemirror/state": {
      "version": "0.20.1",
      "resolved": "https://registry.npmjs.org/@codemirror/state/-/state-0.20.1.tgz",
      "integrity": "sha512-ms0tlV5A02OK0pFvTtSUGMLkoarzh1F8mr6jy1cD7ucSC2X/VLHtQCxfhdSEGqTYlQF2hoZtmLv+amqhdgbwjQ=="
    },
    "node_modules/@codemirror/theme-one-dark": {
      "version": "0.20.0",
      "resolved": "https://registry.npmjs.org/@codemirror/theme-one-dark/-/theme-one-dark-0.20.0.tgz",
      "integrity": "sha512-iqTKaiOZddwlc2rYF+9D60Gfyz9EsSawVejSjyP2FCtOwZ1X0frG5/ByTKH5FBDD2+P7W8+h/OIG4r5dWq4bgA==",
      "dependencies": {
        "@codemirror/language": "^0.20.0",
        "@codemirror/state": "^0.20.0",
        "@codemirror/view": "^0.20.0",
        "@lezer/highlight": "^0.16.0"
      }
    },
    "node_modules/@codemirror/view": {
      "version": "0.20.7",
      "resolved": "https://registry.npmjs.org/@codemirror/view/-/view-0.20.7.tgz",
      "integrity": "sha512-pqEPCb9QFTOtHgAH5XU/oVy9UR/Anj6r+tG5CRmkNVcqSKEPmBU05WtN/jxJCFZBXf6HumzWC9ydE4qstO3TxQ==",
      "dependencies": {
        "@codemirror/state": "^0.20.0",
        "style-mod": "^4.0.0",
        "w3c-keyname": "^2.2.4"
      }
    },
    "node_modules/@lezer/common": {
      "version": "0.16.1",
      "resolved": "https://registry.npmjs.org/@lezer/common/-/common-0.16.1.tgz",
      "integrity": "sha512-qPmG7YTZ6lATyTOAWf8vXE+iRrt1NJd4cm2nJHK+v7X9TsOF6+HtuU/ctaZy2RCrluxDb89hI6KWQ5LfQGQWuA=="
    },
    "node_modules/@lezer/highlight": {
      "version": "0.16.0",
      "resolved": "https://registry.npmjs.org/@lezer/highlight/-/highlight-0.16.0.tgz",
      "integrity": "sha512-iE5f4flHlJ1g1clOStvXNLbORJoiW4Kytso6ubfYzHnaNo/eo5SKhxs4wv/rtvwZQeZrK3we8S9SyA7OGOoRKQ==",
      "dependencies": {
        "@lezer/common": "^0.16.0"
      }
    },
    "node_modules/@lezer/json": {
      "version": "0.16.0",
      "resolved": "https://registry.npmjs.org/@lezer/json/-/json-0.16.0.tgz",
      "integrity": "sha512-Aqsi+qclD1f27tKGV9nND29WRXur8kfVnbPf5gUms3SNTY5mRIADnXy9/5dQxKlPkVHSuS1RCUJvA0+mdNQtsQ==",
      "dependencies": {
        "@lezer/highlight": "^0.16.0",
        "@lezer/lr": "^0.16.0"
      }
    },
    "node_modules/@lezer/lr": {
      "version": "0.16.3",
      "resolved": "https://registry.npmjs.org/@lezer/lr/-/lr-0.16.3.tgz",
      "integrity": "sha512-pau7um4eAw94BEuuShUIeQDTf3k4Wt6oIUOYxMmkZgDHdqtIcxWND4LRxi8nI9KuT4I1bXQv67BCapkxt7Ywqw==",
      "dependencies": {
        "@lezer/common": "^0.16.0"
      }
    },
    "node_modules/@uiw/react-codemirror": {
      "version": "4.7.0",
      "resolved": "https://registry.npmjs.org/@uiw/react-codemirror/-/react-codemirror-4.7.0.tgz",
      "integrity": "sha512-gRBsIScecZzqj1/vqPZ6XxykccBkp+qv6wLFyTk2DxHzuPl4cDIQwqCBl81u80by5nCKambceRkTvpiQ6oJ2Ew==",
      "dependencies": {
        "@babel/runtime": ">=7.11.0",
        "@codemirror/basic-setup": "^0.20.0",
        "@codemirror/state": "^0.20.0",
        "@codemirror/theme-one-dark": "^0.20.0",
        "@codemirror/view": "^0.20.0"
      },
      "peerDependencies": {
        "@babel/runtime": ">=7.11.0",
        "react": ">=16.8.0",
        "react-dom": ">=16.8.0"
      }
    },
    "node_modules/crelt": {
      "version": "1.0.5",
      "resolved": "https://registry.npmjs.org/crelt/-/crelt-1.0.5.tgz",
      "integrity": "sha512-+BO9wPPi+DWTDcNYhr/W90myha8ptzftZT+LwcmUbbok0rcP/fequmFYCw8NMoH7pkAZQzU78b3kYrlua5a9eA=="
    },
    "node_modules/js-tokens": {
      "version": "4.0.0",
      "resolved": "https://registry.npmjs.org/js-tokens/-/js-tokens-4.0.0.tgz",
      "integrity": "sha512-RdJUflcE3cUzKiMqQgsCu06FPu9UdIJO0beYbPhHN4k6apgJtifcoCtT9bcxOpYBtpD2kCM6Sbzg4CausW/PKQ==",
      "peer": true
    },
    "node_modules/loose-envify": {
      "version": "1.4.0",
      "resolved": "https://registry.npmjs.org/loose-envify/-/loose-envify-1.4.0.tgz",
      "integrity": "sha512-lyuxPGr/Wfhrlem2CL/UcnUc1zcqKAImBDzukY7Y5F/yQiNdko6+fRLevlw1HgMySw7f611UIY408EtxRSoK3Q==",
      "peer": true,
      "dependencies": {
        "js-tokens": "^3.0.0 || ^4.0.0"
      },
      "bin": {
        "loose-envify": "cli.js"
      }
    },
    "node_modules/react": {
      "version": "18.1.0",
      "resolved": "https://registry.npmjs.org/react/-/react-18.1.0.tgz",
      "integrity": "sha512-4oL8ivCz5ZEPyclFQXaNksK3adutVS8l2xzZU0cqEFrE9Sb7fC0EFK5uEk74wIreL1DERyjvsU915j1pcT2uEQ==",
      "peer": true,
      "dependencies": {
        "loose-envify": "^1.1.0"
      },
      "engines": {
        "node": ">=0.10.0"
      }
    },
    "node_modules/react-dom": {
      "version": "18.1.0",
      "resolved": "https://registry.npmjs.org/react-dom/-/react-dom-18.1.0.tgz",
      "integrity": "sha512-fU1Txz7Budmvamp7bshe4Zi32d0ll7ect+ccxNu9FlObT605GOEB8BfO4tmRJ39R5Zj831VCpvQ05QPBW5yb+w==",
      "peer": true,
      "dependencies": {
        "loose-envify": "^1.1.0",
        "scheduler": "^0.22.0"
      },
      "peerDependencies": {
        "react": "^18.1.0"
      }
    },
    "node_modules/regenerator-runtime": {
      "version": "0.13.9",
      "resolved": "https://registry.npmjs.org/regenerator-runtime/-/regenerator-runtime-0.13.9.tgz",
      "integrity": "sha512-p3VT+cOEgxFsRRA9X4lkI1E+k2/CtnKtU4gcxyaCUreilL/vqI6CdZ3wxVUx3UOUg+gnUOQQcRI7BmSI656MYA=="
    },
    "node_modules/scheduler": {
      "version": "0.22.0",
      "resolved": "https://registry.npmjs.org/scheduler/-/scheduler-0.22.0.tgz",
      "integrity": "sha512-6QAm1BgQI88NPYymgGQLCZgvep4FyePDWFpXVK+zNSUgHwlqpJy8VEh8Et0KxTACS4VWwMousBElAZOH9nkkoQ==",
      "peer": true,
      "dependencies": {
        "loose-envify": "^1.1.0"
      }
    },
    "node_modules/style-mod": {
      "version": "4.0.0",
      "resolved": "https://registry.npmjs.org/style-mod/-/style-mod-4.0.0.tgz",
      "integrity": "sha512-OPhtyEjyyN9x3nhPsu76f52yUGXiZcgvsrFVtvTkyGRQJ0XK+GPc6ov1z+lRpbeabka+MYEQxOYRnt5nF30aMw=="
    },
    "node_modules/w3c-keyname": {
      "version": "2.2.4",
      "resolved": "https://registry.npmjs.org/w3c-keyname/-/w3c-keyname-2.2.4.tgz",
      "integrity": "sha512-tOhfEwEzFLJzf6d1ZPkYfGj+FWhIpBux9ppoP3rlclw3Z0BZv3N7b7030Z1kYth+6rDuAsXUFr+d0VE6Ed1ikw=="
    }
  },
  "dependencies": {
    "@babel/runtime": {
      "version": "7.18.3",
      "resolved": "https://registry.npmjs.org/@babel/runtime/-/runtime-7.18.3.tgz",
      "integrity": "sha512-38Y8f7YUhce/K7RMwTp7m0uCumpv9hZkitCbBClqQIow1qSbCvGkcegKOXpEWCQLfWmevgRiWokZ1GkpfhbZug==",
      "requires": {
        "regenerator-runtime": "^0.13.4"
      }
    },
    "@codemirror/autocomplete": {
      "version": "0.20.3",
      "resolved": "https://registry.npmjs.org/@codemirror/autocomplete/-/autocomplete-0.20.3.tgz",
      "integrity": "sha512-lYB+NPGP+LEzAudkWhLfMxhTrxtLILGl938w+RcFrGdrIc54A+UgmCoz+McE3IYRFp4xyQcL4uFJwo+93YdgHw==",
      "requires": {
        "@codemirror/language": "^0.20.0",
        "@codemirror/state": "^0.20.0",
        "@codemirror/view": "^0.20.0",
        "@lezer/common": "^0.16.0"
      }
    },
    "@codemirror/basic-setup": {
      "version": "0.20.0",
      "resolved": "https://registry.npmjs.org/@codemirror/basic-setup/-/basic-setup-0.20.0.tgz",
      "integrity": "sha512-W/ERKMLErWkrVLyP5I8Yh8PXl4r+WFNkdYVSzkXYPQv2RMPSkWpr2BgggiSJ8AHF/q3GuApncDD8I4BZz65fyg==",
      "requires": {
        "@codemirror/autocomplete": "^0.20.0",
        "@codemirror/commands": "^0.20.0",
        "@codemirror/language": "^0.20.0",
        "@codemirror/lint": "^0.20.0",
        "@codemirror/search": "^0.20.0",
        "@codemirror/state": "^0.20.0",
        "@codemirror/view": "^0.20.0"
      }
    },
    "@codemirror/commands": {
      "version": "0.20.0",
      "resolved": "https://registry.npmjs.org/@codemirror/commands/-/commands-0.20.0.tgz",
      "integrity": "sha512-v9L5NNVA+A9R6zaFvaTbxs30kc69F6BkOoiEbeFw4m4I0exmDEKBILN6mK+GksJtvTzGBxvhAPlVFTdQW8GB7Q==",
      "requires": {
        "@codemirror/language": "^0.20.0",
        "@codemirror/state": "^0.20.0",
        "@codemirror/view": "^0.20.0",
        "@lezer/common": "^0.16.0"
      }
    },
    "@codemirror/lang-json": {
      "version": "0.20.0",
      "resolved": "https://registry.npmjs.org/@codemirror/lang-json/-/lang-json-0.20.0.tgz",
      "integrity": "sha512-Dj9iW3larS3HDdzd8+GXP5+7EUG7SeQexy0mh7l3N/n7vicIY+9AxRPZ1H6nsVI97uZpYIm8OZWG/eUzCdksdA==",
      "requires": {
        "@codemirror/language": "^0.20.0",
        "@lezer/json": "^0.16.0"
      }
    },
    "@codemirror/language": {
      "version": "0.20.2",
      "resolved": "https://registry.npmjs.org/@codemirror/language/-/language-0.20.2.tgz",
      "integrity": "sha512-WB3Bnuusw0xhVvhBocieYKwJm04SOk5bPoOEYksVHKHcGHFOaYaw+eZVxR4gIqMMcGzOIUil0FsCmFk8yrhHpw==",
      "requires": {
        "@codemirror/state": "^0.20.0",
        "@codemirror/view": "^0.20.0",
        "@lezer/common": "^0.16.0",
        "@lezer/highlight": "^0.16.0",
        "@lezer/lr": "^0.16.0",
        "style-mod": "^4.0.0"
      }
    },
    "@codemirror/lint": {
      "version": "0.20.3",
      "resolved": "https://registry.npmjs.org/@codemirror/lint/-/lint-0.20.3.tgz",
      "integrity": "sha512-06xUScbbspZ8mKoODQCEx6hz1bjaq9m8W8DxdycWARMiiX1wMtfCh/MoHpaL7ws/KUMwlsFFfp2qhm32oaCvVA==",
      "requires": {
        "@codemirror/state": "^0.20.0",
        "@codemirror/view": "^0.20.2",
        "crelt": "^1.0.5"
      }
    },
    "@codemirror/search": {
      "version": "0.20.1",
      "resolved": "https://registry.npmjs.org/@codemirror/search/-/search-0.20.1.tgz",
      "integrity": "sha512-ROe6gRboQU5E4z6GAkNa2kxhXqsGNbeLEisbvzbOeB7nuDYXUZ70vGIgmqPu0tB+1M3F9yWk6W8k2vrFpJaD4Q==",
      "requires": {
        "@codemirror/state": "^0.20.0",
        "@codemirror/view": "^0.20.0",
        "crelt": "^1.0.5"
      }
    },
    "@codemirror/state": {
      "version": "0.20.1",
      "resolved": "https://registry.npmjs.org/@codemirror/state/-/state-0.20.1.tgz",
      "integrity": "sha512-ms0tlV5A02OK0pFvTtSUGMLkoarzh1F8mr6jy1cD7ucSC2X/VLHtQCxfhdSEGqTYlQF2hoZtmLv+amqhdgbwjQ=="
    },
    "@codemirror/theme-one-dark": {
      "version": "0.20.0",
      "resolved": "https://registry.npmjs.org/@codemirror/theme-one-dark/-/theme-one-dark-0.20.0.tgz",
      "integrity": "sha512-iqTKaiOZddwlc2rYF+9D60Gfyz9EsSawVejSjyP2FCtOwZ1X0frG5/ByTKH5FBDD2+P7W8+h/OIG4r5dWq4bgA==",
      "requires": {
        "@codemirror/language": "^0.20.0",
        "@codemirror/state": "^0.20.0",
        "@codemirror/view": "^0.20.0",
        "@lezer/highlight": "^0.16.0"
      }
    },
    "@codemirror/view": {
      "version": "0.20.7",
      "resolved": "https://registry.npmjs.org/@codemirror/view/-/view-0.20.7.tgz",
      "integrity": "sha512-pqEPCb9QFTOtHgAH5XU/oVy9UR/Anj6r+tG5CRmkNVcqSKEPmBU05WtN/jxJCFZBXf6HumzWC9ydE4qstO3TxQ==",
      "requires": {
        "@codemirror/state": "^0.20.0",
        "style-mod": "^4.0.0",
        "w3c-keyname": "^2.2.4"
      }
    },
    "@lezer/common": {
      "version": "0.16.1",
      "resolved": "https://registry.npmjs.org/@lezer/common/-/common-0.16.1.tgz",
      "integrity": "sha512-qPmG7YTZ6lATyTOAWf8vXE+iRrt1NJd4cm2nJHK+v7X9TsOF6+HtuU/ctaZy2RCrluxDb89hI6KWQ5LfQGQWuA=="
    },
    "@lezer/highlight": {
      "version": "0.16.0",
      "resolved": "https://registry.npmjs.org/@lezer/highlight/-/highlight-0.16.0.tgz",
      "integrity": "sha512-iE5f4flHlJ1g1clOStvXNLbORJoiW4Kytso6ubfYzHnaNo/eo5SKhxs4wv/rtvwZQeZrK3we8S9SyA7OGOoRKQ==",
      "requires": {
        "@lezer/common": "^0.16.0"
      }
    },
    "@lezer/json": {
      "version": "0.16.0",
      "resolved": "https://registry.npmjs.org/@lezer/json/-/json-0.16.0.tgz",
      "integrity": "sha512-Aqsi+qclD1f27tKGV9nND29WRXur8kfVnbPf5gUms3SNTY5mRIADnXy9/5dQxKlPkVHSuS1RCUJvA0+mdNQtsQ==",
      "requires": {
        "@lezer/highlight": "^0.16.0",
        "@lezer/lr": "^0.16.0"
      }
    },
    "@lezer/lr": {
      "version": "0.16.3",
      "resolved": "https://registry.npmjs.org/@lezer/lr/-/lr-0.16.3.tgz",
      "integrity": "sha512-pau7um4eAw94BEuuShUIeQDTf3k4Wt6oIUOYxMmkZgDHdqtIcxWND4LRxi8nI9KuT4I1bXQv67BCapkxt7Ywqw==",
      "requires": {
        "@lezer/common": "^0.16.0"
      }
    },
    "@uiw/react-codemirror": {
      "version": "4.7.0",
      "resolved": "https://registry.npmjs.org/@uiw/react-codemirror/-/react-codemirror-4.7.0.tgz",
      "integrity": "sha512-gRBsIScecZzqj1/vqPZ6XxykccBkp+qv6wLFyTk2DxHzuPl4cDIQwqCBl81u80by5nCKambceRkTvpiQ6oJ2Ew==",
      "requires": {
        "@babel/runtime": ">=7.11.0",
        "@codemirror/basic-setup": "^0.20.0",
        "@codemirror/state": "^0.20.0",
        "@codemirror/theme-one-dark": "^0.20.0",
        "@codemirror/view": "^0.20.0"
      }
    },
    "crelt": {
      "version": "1.0.5",
      "resolved": "https://registry.npmjs.org/crelt/-/crelt-1.0.5.tgz",
      "integrity": "sha512-+BO9wPPi+DWTDcNYhr/W90myha8ptzftZT+LwcmUbbok0rcP/fequmFYCw8NMoH7pkAZQzU78b3kYrlua5a9eA=="
    },
    "js-tokens": {
      "version": "4.0.0",
      "resolved": "https://registry.npmjs.org/js-tokens/-/js-tokens-4.0.0.tgz",
      "integrity": "sha512-RdJUflcE3cUzKiMqQgsCu06FPu9UdIJO0beYbPhHN4k6apgJtifcoCtT9bcxOpYBtpD2kCM6Sbzg4CausW/PKQ==",
      "peer": true
    },
    "loose-envify": {
      "version": "1.4.0",
      "resolved": "https://registry.npmjs.org/loose-envify/-/loose-envify-1.4.0.tgz",
      "integrity": "sha512-lyuxPGr/Wfhrlem2CL/UcnUc1zcqKAImBDzukY7Y5F/yQiNdko6+fRLevlw1HgMySw7f611UIY408EtxRSoK3Q==",
      "peer": true,
      "requires": {
        "js-tokens": "^3.0.0 || ^4.0.0"
      }
    },
    "react": {
      "version": "18.1.0",
      "resolved": "https://registry.npmjs.org/react/-/react-18.1.0.tgz",
      "integrity": "sha512-4oL8ivCz5ZEPyclFQXaNksK3adutVS8l2xzZU0cqEFrE9Sb7fC0EFK5uEk74wIreL1DERyjvsU915j1pcT2uEQ==",
      "peer": true,
      "requires": {
        "loose-envify": "^1.1.0"
      }
    },
    "react-dom": {
      "version": "18.1.0",
      "resolved": "https://registry.npmjs.org/react-dom/-/react-dom-18.1.0.tgz",
      "integrity": "sha512-fU1Txz7Budmvamp7bshe4Zi32d0ll7ect+ccxNu9FlObT605GOEB8BfO4tmRJ39R5Zj831VCpvQ05QPBW5yb+w==",
      "peer": true,
      "requires": {
        "loose-envify": "^1.1.0",
        "scheduler": "^0.22.0"
      }
    },
    "regenerator-runtime": {
      "version": "0.13.9",
      "resolved": "https://registry.npmjs.org/regenerator-runtime/-/regenerator-runtime-0.13.9.tgz",
      "integrity": "sha512-p3VT+cOEgxFsRRA9X4lkI1E+k2/CtnKtU4gcxyaCUreilL/vqI6CdZ3wxVUx3UOUg+gnUOQQcRI7BmSI656MYA=="
    },
    "scheduler": {
      "version": "0.22.0",
      "resolved": "https://registry.npmjs.org/scheduler/-/scheduler-0.22.0.tgz",
      "integrity": "sha512-6QAm1BgQI88NPYymgGQLCZgvep4FyePDWFpXVK+zNSUgHwlqpJy8VEh8Et0KxTACS4VWwMousBElAZOH9nkkoQ==",
      "peer": true,
      "requires": {
        "loose-envify": "^1.1.0"
      }
    },
    "style-mod": {
      "version": "4.0.0",
      "resolved": "https://registry.npmjs.org/style-mod/-/style-mod-4.0.0.tgz",
      "integrity": "sha512-OPhtyEjyyN9x3nhPsu76f52yUGXiZcgvsrFVtvTkyGRQJ0XK+GPc6ov1z+lRpbeabka+MYEQxOYRnt5nF30aMw=="
    },
    "w3c-keyname": {
      "version": "2.2.4",
      "resolved": "https://registry.npmjs.org/w3c-keyname/-/w3c-keyname-2.2.4.tgz",
      "integrity": "sha512-tOhfEwEzFLJzf6d1ZPkYfGj+FWhIpBux9ppoP3rlclw3Z0BZv3N7b7030Z1kYth+6rDuAsXUFr+d0VE6Ed1ikw=="
    }
  }
}
